
Microsoft Visual Studio Solution File, Format Version 12.00
# Visual Studio Version 16
VisualStudioVersion = 16.0.31702.278
MinimumVisualStudioVersion = 10.0.40219.1
Project("{8BC9CEB8-8B4A-11D0-8D11-00A0C91BC942}") = "лабораторна робота з дискретки 1", "лабораторна робота з дискретки 1\лабораторна робота з дискретки 1.vcxproj", "{3C9575CF-DD47-4986-8866-A760537E55FE}"
EndProject
Global
	GlobalSection(SolutionConfigurationPlatforms) = preSolution
		Debug|x64 = Debug|x64
		Debug|x86 = Debug|x86
		Release|x64 = Release|x64
		Release|x86 = Release|x86
	EndGlobalSection
	GlobalSection(ProjectConfigurationPlatforms) = postSolution
		{3C9575CF-DD47-4986-8866-A760537E55FE}.Debug|x64.ActiveCfg = Debug|x64
		{3C9575CF-DD47-4986-8866-A760537E55FE}.Debug|x64.Build.0 = Debug|x64
		{3C9575CF-DD47-4986-8866-A760537E55FE}.Debug|x86.ActiveCfg = Debug|Win32
		{3C9575CF-DD47-4986-8866-A760537E55FE}.Debug|x86.Build.0 = Debug|Win32
		{3C9575CF-DD47-4986-8866-A760537E55FE}.Release|x64.ActiveCfg = Release|x64
		{3C9575CF-DD47-4986-8866-A760537E55FE}.Release|x64.Build.0 = Release|x64
		{3C9575CF-DD47-4986-8866-A760537E55FE}.Release|x86.ActiveCfg = Release|Win32
		{3C9575CF-DD47-4986-8866-A760537E55FE}.Release|x86.Build.0 = Release|Win32
	EndGlobalSection
	GlobalSection(SolutionProperties) = preSolution
		HideSolutionNode = FALSE
	EndGlobalSection
	GlobalSection(ExtensibilityGlobals) = postSolution
		SolutionGuid = {DB44222E-3039-4B73-8F07-F9E49CE6FD73}
	EndGlobalSection
EndGlobal
